
Microsoft Visual Studio Solution File, Format Version 12.00
# Visual Studio Version 16
VisualStudioVersion = 16.0.30104.148
MinimumVisualStudioVersion = 10.0.40219.1
Project("{9A19103F-16F7-4668-BE54-9A1E7A4F7556}") = "WrenchItWebAPI", "WrenchItWebAPI\WrenchItWebAPI.csproj", "{04167A14-6425-4F2B-9D15-F10620AE1461}"
EndProject
Project("{FAE04EC0-301F-11D3-BF4B-00C04F79EFBC}") = "api", "api\api.csproj", "{8A8676CD-5C3B-46F1-8EB8-18CDE6EC4034}"
EndProject
Global
	GlobalSection(SolutionConfigurationPlatforms) = preSolution
		Debug|Any CPU = Debug|Any CPU
		Release|Any CPU = Release|Any CPU
	EndGlobalSection
	GlobalSection(ProjectConfigurationPlatforms) = postSolution
		{04167A14-6425-4F2B-9D15-F10620AE1461}.Debug|Any CPU.ActiveCfg = Debug|Any CPU
		{04167A14-6425-4F2B-9D15-F10620AE1461}.Debug|Any CPU.Build.0 = Debug|Any CPU
		{04167A14-6425-4F2B-9D15-F10620AE1461}.Release|Any CPU.ActiveCfg = Release|Any CPU
		{04167A14-6425-4F2B-9D15-F10620AE1461}.Release|Any CPU.Build.0 = Release|Any CPU
		{8A8676CD-5C3B-46F1-8EB8-18CDE6EC4034}.Debug|Any CPU.ActiveCfg = Debug|Any CPU
		{8A8676CD-5C3B-46F1-8EB8-18CDE6EC4034}.Debug|Any CPU.Build.0 = Debug|Any CPU
		{8A8676CD-5C3B-46F1-8EB8-18CDE6EC4034}.Release|Any CPU.ActiveCfg = Release|Any CPU
		{8A8676CD-5C3B-46F1-8EB8-18CDE6EC4034}.Release|Any CPU.Build.0 = Release|Any CPU
	EndGlobalSection
	GlobalSection(SolutionProperties) = preSolution
		HideSolutionNode = FALSE
	EndGlobalSection
	GlobalSection(ExtensibilityGlobals) = postSolution
		SolutionGuid = {23E741CB-964C-4BBB-B77C-31B4DAE9D190}
	EndGlobalSection
EndGlobal
